
Microsoft Visual Studio Solution File, Format Version 12.00
# Visual Studio 15
VisualStudioVersion = 15.0.28307.421
MinimumVisualStudioVersion = 10.0.40219.1
Project("{8BC9CEB8-8B4A-11D0-8D11-00A0C91BC942}") = "TODChecking", "TODChecking.vcxproj", "{69CE6EEF-96DA-43DF-B3D1-8999999773A1}"
EndProject
Global
	GlobalSection(SolutionConfigurationPlatforms) = preSolution
		Debug|x64 = Debug|x64
		Release|x64 = Release|x64
	EndGlobalSection
	GlobalSection(ProjectConfigurationPlatforms) = postSolution
		{69CE6EEF-96DA-43DF-B3D1-8999999773A1}.Debug|x64.ActiveCfg = Debug|x64
		{69CE6EEF-96DA-43DF-B3D1-8999999773A1}.Debug|x64.Build.0 = Debug|x64
		{69CE6EEF-96DA-43DF-B3D1-8999999773A1}.Release|x64.ActiveCfg = Release|x64
		{69CE6EEF-96DA-43DF-B3D1-8999999773A1}.Release|x64.Build.0 = Release|x64
	EndGlobalSection
	GlobalSection(SolutionProperties) = preSolution
		HideSolutionNode = FALSE
	EndGlobalSection
	GlobalSection(ExtensibilityGlobals) = postSolution
		SolutionGuid = {85F043B2-FDD6-4821-A4E2-8D39B62C2D20}
	EndGlobalSection
EndGlobal
